
Microsoft Visual Studio Solution File, Format Version 12.00
# Visual Studio Version 17
VisualStudioVersion = 17.10.35013.160
MinimumVisualStudioVersion = 10.0.40219.1
Project("{FAE04EC0-301F-11D3-BF4B-00C04F79EFBC}") = "TestEntitySurvey", "TestEntitySurvey\TestEntitySurvey.csproj", "{C67FB956-9D5C-449F-B546-44691D11C70F}"
EndProject
Global
	GlobalSection(SolutionConfigurationPlatforms) = preSolution
		Debug|Any CPU = Debug|Any CPU
		Release|Any CPU = Release|Any CPU
	EndGlobalSection
	GlobalSection(ProjectConfigurationPlatforms) = postSolution
		{C67FB956-9D5C-449F-B546-44691D11C70F}.Debug|Any CPU.ActiveCfg = Debug|Any CPU
		{C67FB956-9D5C-449F-B546-44691D11C70F}.Debug|Any CPU.Build.0 = Debug|Any CPU
		{C67FB956-9D5C-449F-B546-44691D11C70F}.Release|Any CPU.ActiveCfg = Release|Any CPU
		{C67FB956-9D5C-449F-B546-44691D11C70F}.Release|Any CPU.Build.0 = Release|Any CPU
	EndGlobalSection
	GlobalSection(SolutionProperties) = preSolution
		HideSolutionNode = FALSE
	EndGlobalSection
	GlobalSection(ExtensibilityGlobals) = postSolution
		SolutionGuid = {305AB3FA-C391-4A1D-B43A-74251B04C522}
	EndGlobalSection
EndGlobal
